
Microsoft Visual Studio Solution File, Format Version 12.00
# Visual Studio Version 17
VisualStudioVersion = 17.2.32630.192
MinimumVisualStudioVersion = 10.0.40219.1
Project("{FAE04EC0-301F-11D3-BF4B-00C04F79EFBC}") = "LanchoneteProvaLab.ConsoleApp", "LanchoneteProvaLab.ConsoleApp\LanchoneteProvaLab.ConsoleApp.csproj", "{850773BC-7F1E-4AED-B5D1-EF2FB6D93BA4}"
EndProject
Global
	GlobalSection(SolutionConfigurationPlatforms) = preSolution
		Debug|Any CPU = Debug|Any CPU
		Release|Any CPU = Release|Any CPU
	EndGlobalSection
	GlobalSection(ProjectConfigurationPlatforms) = postSolution
		{850773BC-7F1E-4AED-B5D1-EF2FB6D93BA4}.Debug|Any CPU.ActiveCfg = Debug|Any CPU
		{850773BC-7F1E-4AED-B5D1-EF2FB6D93BA4}.Debug|Any CPU.Build.0 = Debug|Any CPU
		{850773BC-7F1E-4AED-B5D1-EF2FB6D93BA4}.Release|Any CPU.ActiveCfg = Release|Any CPU
		{850773BC-7F1E-4AED-B5D1-EF2FB6D93BA4}.Release|Any CPU.Build.0 = Release|Any CPU
	EndGlobalSection
	GlobalSection(SolutionProperties) = preSolution
		HideSolutionNode = FALSE
	EndGlobalSection
	GlobalSection(ExtensibilityGlobals) = postSolution
		SolutionGuid = {1017C58C-811F-42BB-A291-58152AE110DD}
	EndGlobalSection
EndGlobal
